
Microsoft Visual Studio Solution File, Format Version 12.00
# Visual Studio 15
VisualStudioVersion = 15.0.28307.645
MinimumVisualStudioVersion = 10.0.40219.1
Project("{FAE04EC0-301F-11D3-BF4B-00C04F79EFBC}") = "BTA_WebApi", "BTA_WebApi\BTA_WebApi.csproj", "{F374121E-16A9-4B12-87ED-8A3864696C03}"
EndProject
Project("{FAE04EC0-301F-11D3-BF4B-00C04F79EFBC}") = "DBAccess", "DBAccess\DBAccess.csproj", "{457D7B64-CB28-4F1C-9BB3-8D642D755716}"
EndProject
Global
	GlobalSection(SolutionConfigurationPlatforms) = preSolution
		Debug|Any CPU = Debug|Any CPU
		Release|Any CPU = Release|Any CPU
	EndGlobalSection
	GlobalSection(ProjectConfigurationPlatforms) = postSolution
		{F374121E-16A9-4B12-87ED-8A3864696C03}.Debug|Any CPU.ActiveCfg = Debug|Any CPU
		{F374121E-16A9-4B12-87ED-8A3864696C03}.Debug|Any CPU.Build.0 = Debug|Any CPU
		{F374121E-16A9-4B12-87ED-8A3864696C03}.Release|Any CPU.ActiveCfg = Release|Any CPU
		{F374121E-16A9-4B12-87ED-8A3864696C03}.Release|Any CPU.Build.0 = Release|Any CPU
		{457D7B64-CB28-4F1C-9BB3-8D642D755716}.Debug|Any CPU.ActiveCfg = Debug|Any CPU
		{457D7B64-CB28-4F1C-9BB3-8D642D755716}.Debug|Any CPU.Build.0 = Debug|Any CPU
		{457D7B64-CB28-4F1C-9BB3-8D642D755716}.Release|Any CPU.ActiveCfg = Release|Any CPU
		{457D7B64-CB28-4F1C-9BB3-8D642D755716}.Release|Any CPU.Build.0 = Release|Any CPU
	EndGlobalSection
	GlobalSection(SolutionProperties) = preSolution
		HideSolutionNode = FALSE
	EndGlobalSection
	GlobalSection(ExtensibilityGlobals) = postSolution
		SolutionGuid = {D49F82BE-2CD1-48D4-86EC-6F82E7A2A8DD}
	EndGlobalSection
EndGlobal
